
Microsoft Visual Studio Solution File, Format Version 12.00
# Visual Studio Version 16
VisualStudioVersion = 16.0.29519.87
MinimumVisualStudioVersion = 10.0.40219.1
Project("{2150E333-8FDC-42A3-9474-1A3956D46DE8}") = "UI", "UI", "{56905633-22B1-4EC9-A9FD-672F568DAAF6}"
EndProject
Project("{2150E333-8FDC-42A3-9474-1A3956D46DE8}") = "API", "API", "{3C5F6903-B26E-462A-91DE-4F8CC64DBC0E}"
EndProject
Project("{2150E333-8FDC-42A3-9474-1A3956D46DE8}") = "Library", "Library", "{3DC83C80-450B-4003-94F9-4C34F02D868B}"
EndProject
Project("{9A19103F-16F7-4668-BE54-9A1E7A4F7556}") = "TOP.Library.Data", "TOP.Library.Data\TOP.Library.Data.csproj", "{0887CAE9-1348-4E35-AE13-145861CA4D72}"
EndProject
Project("{9A19103F-16F7-4668-BE54-9A1E7A4F7556}") = "TOP.API", "TOP.API\TOP.API.csproj", "{0D2815E7-1EFD-4F51-BD92-814E58A8B265}"
EndProject
Project("{2150E333-8FDC-42A3-9474-1A3956D46DE8}") = "Desktop", "Desktop", "{5D1C97B9-A423-48A3-AA55-57ECCC1B7832}"
EndProject
Project("{9A19103F-16F7-4668-BE54-9A1E7A4F7556}") = "TOP.UI.WPF", "TOP.UI.WPF\TOP.UI.WPF.csproj", "{9A2E83E1-449F-4C6F-809B-F3128180DDB5}"
EndProject
Project("{9A19103F-16F7-4668-BE54-9A1E7A4F7556}") = "TOP.Library.API", "TOP.Library.API\TOP.Library.API.csproj", "{B4BC18DB-1583-4C51-8FE0-E1281BB92299}"
EndProject
Global
	GlobalSection(SolutionConfigurationPlatforms) = preSolution
		Debug|Any CPU = Debug|Any CPU
		Release|Any CPU = Release|Any CPU
	EndGlobalSection
	GlobalSection(ProjectConfigurationPlatforms) = postSolution
		{0887CAE9-1348-4E35-AE13-145861CA4D72}.Debug|Any CPU.ActiveCfg = Debug|Any CPU
		{0887CAE9-1348-4E35-AE13-145861CA4D72}.Debug|Any CPU.Build.0 = Debug|Any CPU
		{0887CAE9-1348-4E35-AE13-145861CA4D72}.Release|Any CPU.ActiveCfg = Release|Any CPU
		{0887CAE9-1348-4E35-AE13-145861CA4D72}.Release|Any CPU.Build.0 = Release|Any CPU
		{0D2815E7-1EFD-4F51-BD92-814E58A8B265}.Debug|Any CPU.ActiveCfg = Debug|Any CPU
		{0D2815E7-1EFD-4F51-BD92-814E58A8B265}.Debug|Any CPU.Build.0 = Debug|Any CPU
		{0D2815E7-1EFD-4F51-BD92-814E58A8B265}.Release|Any CPU.ActiveCfg = Release|Any CPU
		{0D2815E7-1EFD-4F51-BD92-814E58A8B265}.Release|Any CPU.Build.0 = Release|Any CPU
		{9A2E83E1-449F-4C6F-809B-F3128180DDB5}.Debug|Any CPU.ActiveCfg = Debug|Any CPU
		{9A2E83E1-449F-4C6F-809B-F3128180DDB5}.Debug|Any CPU.Build.0 = Debug|Any CPU
		{9A2E83E1-449F-4C6F-809B-F3128180DDB5}.Release|Any CPU.ActiveCfg = Release|Any CPU
		{9A2E83E1-449F-4C6F-809B-F3128180DDB5}.Release|Any CPU.Build.0 = Release|Any CPU
		{B4BC18DB-1583-4C51-8FE0-E1281BB92299}.Debug|Any CPU.ActiveCfg = Debug|Any CPU
		{B4BC18DB-1583-4C51-8FE0-E1281BB92299}.Debug|Any CPU.Build.0 = Debug|Any CPU
		{B4BC18DB-1583-4C51-8FE0-E1281BB92299}.Release|Any CPU.ActiveCfg = Release|Any CPU
		{B4BC18DB-1583-4C51-8FE0-E1281BB92299}.Release|Any CPU.Build.0 = Release|Any CPU
	EndGlobalSection
	GlobalSection(SolutionProperties) = preSolution
		HideSolutionNode = FALSE
	EndGlobalSection
	GlobalSection(NestedProjects) = preSolution
		{0887CAE9-1348-4E35-AE13-145861CA4D72} = {3DC83C80-450B-4003-94F9-4C34F02D868B}
		{0D2815E7-1EFD-4F51-BD92-814E58A8B265} = {3C5F6903-B26E-462A-91DE-4F8CC64DBC0E}
		{5D1C97B9-A423-48A3-AA55-57ECCC1B7832} = {56905633-22B1-4EC9-A9FD-672F568DAAF6}
		{9A2E83E1-449F-4C6F-809B-F3128180DDB5} = {5D1C97B9-A423-48A3-AA55-57ECCC1B7832}
		{B4BC18DB-1583-4C51-8FE0-E1281BB92299} = {3DC83C80-450B-4003-94F9-4C34F02D868B}
	EndGlobalSection
	GlobalSection(ExtensibilityGlobals) = postSolution
		SolutionGuid = {84A55091-AAE8-4A23-9EEB-7B3D49296B5C}
	EndGlobalSection
EndGlobal
